
Microsoft Visual Studio Solution File, Format Version 12.00
# Visual Studio Version 16
VisualStudioVersion = 16.0.28922.388
MinimumVisualStudioVersion = 10.0.40219.1
Project("{FAE04EC0-301F-11D3-BF4B-00C04F79EFBC}") = "heaps", "heaps.csproj", "{0CD3B92A-D067-43D2-A3EB-7D87C68E9924}"
EndProject
Global
	GlobalSection(SolutionConfigurationPlatforms) = preSolution
		Debug|Any CPU = Debug|Any CPU
		Release|Any CPU = Release|Any CPU
	EndGlobalSection
	GlobalSection(ProjectConfigurationPlatforms) = postSolution
		{0CD3B92A-D067-43D2-A3EB-7D87C68E9924}.Debug|Any CPU.ActiveCfg = Debug|Any CPU
		{0CD3B92A-D067-43D2-A3EB-7D87C68E9924}.Debug|Any CPU.Build.0 = Debug|Any CPU
		{0CD3B92A-D067-43D2-A3EB-7D87C68E9924}.Release|Any CPU.ActiveCfg = Release|Any CPU
		{0CD3B92A-D067-43D2-A3EB-7D87C68E9924}.Release|Any CPU.Build.0 = Release|Any CPU
	EndGlobalSection
	GlobalSection(SolutionProperties) = preSolution
		HideSolutionNode = FALSE
	EndGlobalSection
	GlobalSection(ExtensibilityGlobals) = postSolution
		SolutionGuid = {69A3ACA1-BC08-40BD-9D72-31E053762701}
	EndGlobalSection
EndGlobal
