
Microsoft Visual Studio Solution File, Format Version 12.00
# Visual Studio Version 16
VisualStudioVersion = 16.0.28922.388
MinimumVisualStudioVersion = 10.0.40219.1
Project("{FAE04EC0-301F-11D3-BF4B-00C04F79EFBC}") = "wpf_stackpanel_listbox_visual_and_logical_tree", "wpf_stackpanel_listbox_visual_and_logical_tree.csproj", "{121E1A4B-E0E4-45F6-99B4-DAD726516BB0}"
EndProject
Global
	GlobalSection(SolutionConfigurationPlatforms) = preSolution
		Debug|Any CPU = Debug|Any CPU
		Release|Any CPU = Release|Any CPU
	EndGlobalSection
	GlobalSection(ProjectConfigurationPlatforms) = postSolution
		{121E1A4B-E0E4-45F6-99B4-DAD726516BB0}.Debug|Any CPU.ActiveCfg = Debug|Any CPU
		{121E1A4B-E0E4-45F6-99B4-DAD726516BB0}.Debug|Any CPU.Build.0 = Debug|Any CPU
		{121E1A4B-E0E4-45F6-99B4-DAD726516BB0}.Release|Any CPU.ActiveCfg = Release|Any CPU
		{121E1A4B-E0E4-45F6-99B4-DAD726516BB0}.Release|Any CPU.Build.0 = Release|Any CPU
	EndGlobalSection
	GlobalSection(SolutionProperties) = preSolution
		HideSolutionNode = FALSE
	EndGlobalSection
	GlobalSection(ExtensibilityGlobals) = postSolution
		SolutionGuid = {6EBCBE1B-B074-4CC8-BF16-864A3E1C0589}
	EndGlobalSection
EndGlobal
