
Microsoft Visual Studio Solution File, Format Version 12.00
# Visual Studio Version 16
VisualStudioVersion = 16.0.28922.388
MinimumVisualStudioVersion = 10.0.40219.1
Project("{FAE04EC0-301F-11D3-BF4B-00C04F79EFBC}") = "XUNITExample_1", "XUNITExample_1\XUNITExample_1.csproj", "{555C8F11-6576-4B42-8CF1-0A29C9DE4E3D}"
EndProject
Project("{FAE04EC0-301F-11D3-BF4B-00C04F79EFBC}") = "Calculation.Tests", "Calculation.Tests\Calculation.Tests.csproj", "{F825E9A8-6EA9-4389-A9B2-80852DAAEC96}"
EndProject
Global
	GlobalSection(SolutionConfigurationPlatforms) = preSolution
		Debug|Any CPU = Debug|Any CPU
		Release|Any CPU = Release|Any CPU
	EndGlobalSection
	GlobalSection(ProjectConfigurationPlatforms) = postSolution
		{555C8F11-6576-4B42-8CF1-0A29C9DE4E3D}.Debug|Any CPU.ActiveCfg = Debug|Any CPU
		{555C8F11-6576-4B42-8CF1-0A29C9DE4E3D}.Debug|Any CPU.Build.0 = Debug|Any CPU
		{555C8F11-6576-4B42-8CF1-0A29C9DE4E3D}.Release|Any CPU.ActiveCfg = Release|Any CPU
		{555C8F11-6576-4B42-8CF1-0A29C9DE4E3D}.Release|Any CPU.Build.0 = Release|Any CPU
		{F825E9A8-6EA9-4389-A9B2-80852DAAEC96}.Debug|Any CPU.ActiveCfg = Debug|Any CPU
		{F825E9A8-6EA9-4389-A9B2-80852DAAEC96}.Debug|Any CPU.Build.0 = Debug|Any CPU
		{F825E9A8-6EA9-4389-A9B2-80852DAAEC96}.Release|Any CPU.ActiveCfg = Release|Any CPU
		{F825E9A8-6EA9-4389-A9B2-80852DAAEC96}.Release|Any CPU.Build.0 = Release|Any CPU
	EndGlobalSection
	GlobalSection(SolutionProperties) = preSolution
		HideSolutionNode = FALSE
	EndGlobalSection
	GlobalSection(ExtensibilityGlobals) = postSolution
		SolutionGuid = {55CC7808-D147-491C-B683-0614FE0E850F}
	EndGlobalSection
EndGlobal
